schema: '2.0'
stages:
  data_ingestion:
    cmd: py src/data_ingestion.py
    deps:
    - path: src/data_ingestion.py
      hash: md5
      md5: a436155d7c4d745bc7a8726b19176550
      size: 3638
    params:
      params.yaml:
        data_ingestion.test_size: 0.1
    outs:
    - path: data/raw
      hash: md5
      md5: 9097e041a34df9054caed15688df1464.dir
      size: 484846
      nfiles: 2
  data_preprocessing:
    cmd: py src/data_preprocessing.py
    deps:
    - path: data/raw
      hash: md5
      md5: 9097e041a34df9054caed15688df1464.dir
      size: 484846
      nfiles: 2
    - path: src/data_preprocessing.py
      hash: md5
      md5: ea238f2ccea7549b25609eba005652fb
      size: 4027
    outs:
    - path: data/interim
      hash: md5
      md5: 372e18bfa771372d41b683bc64b32377.dir
      size: 257605
      nfiles: 2
  feature_engineering:
    cmd: py src/feature-engineering.py
    deps:
    - path: data/interim
      hash: md5
      md5: 372e18bfa771372d41b683bc64b32377.dir
      size: 257605
      nfiles: 2
    - path: src/feature-engineering.py
      hash: md5
      md5: de78e5858c7920f2d2a97f43f28c76b9
      size: 3883
    params:
      params.yaml:
        feature_engineering.max_features: 35
    outs:
    - path: data/processed
      hash: md5
      md5: ad9e0c8b49a746c3c89060fbacba43ec.dir
      size: 829921
      nfiles: 2
  model_building:
    cmd: py src/model_building.py
    deps:
    - path: data/processed
      hash: md5
      md5: ad9e0c8b49a746c3c89060fbacba43ec.dir
      size: 829921
      nfiles: 2
    - path: src/model_building.py
      hash: md5
      md5: ace8f131f768e614661d8d8aad549659
      size: 4425
    params:
      params.yaml:
        model_building.n_estimators: 22
        model_building.random_state: 2
    outs:
    - path: models/model.pkl
      hash: md5
      md5: c92c621e8c7f72f965ccd35b99d4a9ce
      size: 777826
  model_evaluation:
    cmd: py src/model_evaluation.py
    deps:
    - path: models/model.pkl
      hash: md5
      md5: c92c621e8c7f72f965ccd35b99d4a9ce
      size: 777826
    - path: src/model_evaluation.py
      hash: md5
      md5: 7d0c7b569123734f8b246cd6d1f8d0ae
      size: 4599
    outs:
    - path: reports/metrics.json
      hash: md5
      md5: f6ec5c09b7e61505734642b828035255
      size: 131
